github.com/devproje/plog v1.1.2 h1:QluhybARNCxr/OPgqXAuIlEWyMhrhX6QzI2fiYdlrU4=
github.com/devproje/plog v1.1.2/go.mod h1:JgtOad9P2CI7Mm/gwArMWzYc9qHJqL1PMnEL6w4nnOA=
github.com/joho/godotenv v1.5.1 h1:7eLL/+HRGLY0ldzfGMeQkb7vMd0as4CfYvUVzLqw0N0=
github.com/joho/godotenv v1.5.1/go.mod h1:f4LDr5Voq0i2e/R5DDNOoa2zzDfwtkZa6DnEwAbqwq4=
